
Microsoft Visual Studio Solution File, Format Version 12.00
# Visual Studio 15
VisualStudioVersion = 15.0.28307.421
MinimumVisualStudioVersion = 10.0.40219.1
Project("{FAE04EC0-301F-11D3-BF4B-00C04F79EFBC}") = "WorkApp", "WorkApp\WorkApp.csproj", "{34A7A717-4353-4765-BA76-B57017739CDD}"
EndProject
Global
	GlobalSection(SolutionConfigurationPlatforms) = preSolution
		Debug|Any CPU = Debug|Any CPU
		Release|Any CPU = Release|Any CPU
	EndGlobalSection
	GlobalSection(ProjectConfigurationPlatforms) = postSolution
		{34A7A717-4353-4765-BA76-B57017739CDD}.Debug|Any CPU.ActiveCfg = Debug|Any CPU
		{34A7A717-4353-4765-BA76-B57017739CDD}.Debug|Any CPU.Build.0 = Debug|Any CPU
		{34A7A717-4353-4765-BA76-B57017739CDD}.Release|Any CPU.ActiveCfg = Release|Any CPU
		{34A7A717-4353-4765-BA76-B57017739CDD}.Release|Any CPU.Build.0 = Release|Any CPU
	EndGlobalSection
	GlobalSection(SolutionProperties) = preSolution
		HideSolutionNode = FALSE
	EndGlobalSection
	GlobalSection(ExtensibilityGlobals) = postSolution
		SolutionGuid = {CEE9C1E9-176E-4808-B144-E2E236619D98}
	EndGlobalSection
EndGlobal
